
Microsoft Visual Studio Solution File, Format Version 12.00
# Visual Studio Version 16
VisualStudioVersion = 16.0.30523.141
MinimumVisualStudioVersion = 10.0.40219.1
Project("{FAE04EC0-301F-11D3-BF4B-00C04F79EFBC}") = "Persistencia", "TOO\Persistencia.csproj", "{26A76721-96CE-4708-A93A-2CA2E6709525}"
EndProject
Project("{FAE04EC0-301F-11D3-BF4B-00C04F79EFBC}") = "Negocio", "Negocio\Negocio.csproj", "{D5C5DAFD-6190-4EDF-B774-CBB524CB4D24}"
EndProject
Global
	GlobalSection(SolutionConfigurationPlatforms) = preSolution
		Debug|Any CPU = Debug|Any CPU
		Release|Any CPU = Release|Any CPU
	EndGlobalSection
	GlobalSection(ProjectConfigurationPlatforms) = postSolution
		{26A76721-96CE-4708-A93A-2CA2E6709525}.Debug|Any CPU.ActiveCfg = Debug|Any CPU
		{26A76721-96CE-4708-A93A-2CA2E6709525}.Debug|Any CPU.Build.0 = Debug|Any CPU
		{26A76721-96CE-4708-A93A-2CA2E6709525}.Release|Any CPU.ActiveCfg = Release|Any CPU
		{26A76721-96CE-4708-A93A-2CA2E6709525}.Release|Any CPU.Build.0 = Release|Any CPU
		{D5C5DAFD-6190-4EDF-B774-CBB524CB4D24}.Debug|Any CPU.ActiveCfg = Debug|Any CPU
		{D5C5DAFD-6190-4EDF-B774-CBB524CB4D24}.Debug|Any CPU.Build.0 = Debug|Any CPU
		{D5C5DAFD-6190-4EDF-B774-CBB524CB4D24}.Release|Any CPU.ActiveCfg = Release|Any CPU
		{D5C5DAFD-6190-4EDF-B774-CBB524CB4D24}.Release|Any CPU.Build.0 = Release|Any CPU
	EndGlobalSection
	GlobalSection(SolutionProperties) = preSolution
		HideSolutionNode = FALSE
	EndGlobalSection
	GlobalSection(ExtensibilityGlobals) = postSolution
		SolutionGuid = {6EF4D5C6-55C5-4245-BB66-49BA2E4415BA}
	EndGlobalSection
EndGlobal
